
Microsoft Visual Studio Solution File, Format Version 12.00
# Visual Studio 15
VisualStudioVersion = 15.0.26206.0
MinimumVisualStudioVersion = 10.0.40219.1
Project("{FAE04EC0-301F-11D3-BF4B-00C04F79EFBC}") = "ChatSample", "ChatSample\ChatSample.csproj", "{335FDEEA-F2D1-4ACC-9C61-76FAE16F0CA0}"
EndProject
Project("{FAE04EC0-301F-11D3-BF4B-00C04F79EFBC}") = "ConsoleApp1", "ConsoleApp1\ConsoleApp1.csproj", "{B5CCF478-DACB-42FD-A215-F2A12D0F9FBD}"
EndProject
Project("{D954291E-2A0B-460D-934E-DC6B0785DB48}") = "App1", "App1\App1\App1.shproj", "{65128D6F-EFE3-42FE-9445-48D026BD7F16}"
EndProject
Project("{FAE04EC0-301F-11D3-BF4B-00C04F79EFBC}") = "App1.Droid", "App1\App1.Droid\App1.Droid.csproj", "{1EFD715B-BA9B-4A01-AE96-47F66F71D7F9}"
EndProject
Project("{FAE04EC0-301F-11D3-BF4B-00C04F79EFBC}") = "App1.iOS", "App1\App1.iOS\App1.iOS.csproj", "{8F0F1979-2F75-42D6-A81F-3C5BF6C561F8}"
EndProject
Global
	GlobalSection(SharedMSBuildProjectFiles) = preSolution
		App1\App1\App1.projitems*{1efd715b-ba9b-4a01-ae96-47f66f71d7f9}*SharedItemsImports = 4
		App1\App1\App1.projitems*{65128d6f-efe3-42fe-9445-48d026bd7f16}*SharedItemsImports = 13
		App1\App1\App1.projitems*{8f0f1979-2f75-42d6-a81f-3c5bf6c561f8}*SharedItemsImports = 4
	EndGlobalSection
	GlobalSection(SolutionConfigurationPlatforms) = preSolution
		Ad-Hoc|Any CPU = Ad-Hoc|Any CPU
		Ad-Hoc|iPhone = Ad-Hoc|iPhone
		Ad-Hoc|iPhoneSimulator = Ad-Hoc|iPhoneSimulator
		Ad-Hoc|x64 = Ad-Hoc|x64
		Ad-Hoc|x86 = Ad-Hoc|x86
		AppStore|Any CPU = AppStore|Any CPU
		AppStore|iPhone = AppStore|iPhone
		AppStore|iPhoneSimulator = AppStore|iPhoneSimulator
		AppStore|x64 = AppStore|x64
		AppStore|x86 = AppStore|x86
		Debug|Any CPU = Debug|Any CPU
		Debug|iPhone = Debug|iPhone
		Debug|iPhoneSimulator = Debug|iPhoneSimulator
		Debug|x64 = Debug|x64
		Debug|x86 = Debug|x86
		Release|Any CPU = Release|Any CPU
		Release|iPhone = Release|iPhone
		Release|iPhoneSimulator = Release|iPhoneSimulator
		Release|x64 = Release|x64
		Release|x86 = Release|x86
	EndGlobalSection
	GlobalSection(ProjectConfigurationPlatforms) = postSolution
		{335FDEEA-F2D1-4ACC-9C61-76FAE16F0CA0}.Ad-Hoc|Any CPU.ActiveCfg = Debug|Any CPU
		{335FDEEA-F2D1-4ACC-9C61-76FAE16F0CA0}.Ad-Hoc|Any CPU.Build.0 = Debug|Any CPU
		{335FDEEA-F2D1-4ACC-9C61-76FAE16F0CA0}.Ad-Hoc|iPhone.ActiveCfg = Debug|Any CPU
		{335FDEEA-F2D1-4ACC-9C61-76FAE16F0CA0}.Ad-Hoc|iPhone.Build.0 = Debug|Any CPU
		{335FDEEA-F2D1-4ACC-9C61-76FAE16F0CA0}.Ad-Hoc|iPhoneSimulator.ActiveCfg = Debug|Any CPU
		{335FDEEA-F2D1-4ACC-9C61-76FAE16F0CA0}.Ad-Hoc|iPhoneSimulator.Build.0 = Debug|Any CPU
		{335FDEEA-F2D1-4ACC-9C61-76FAE16F0CA0}.Ad-Hoc|x64.ActiveCfg = Release|x64
		{335FDEEA-F2D1-4ACC-9C61-76FAE16F0CA0}.Ad-Hoc|x64.Build.0 = Release|x64
		{335FDEEA-F2D1-4ACC-9C61-76FAE16F0CA0}.Ad-Hoc|x86.ActiveCfg = Release|x86
		{335FDEEA-F2D1-4ACC-9C61-76FAE16F0CA0}.Ad-Hoc|x86.Build.0 = Release|x86
		{335FDEEA-F2D1-4ACC-9C61-76FAE16F0CA0}.AppStore|Any CPU.ActiveCfg = Debug|Any CPU
		{335FDEEA-F2D1-4ACC-9C61-76FAE16F0CA0}.AppStore|Any CPU.Build.0 = Debug|Any CPU
		{335FDEEA-F2D1-4ACC-9C61-76FAE16F0CA0}.AppStore|iPhone.ActiveCfg = Debug|Any CPU
		{335FDEEA-F2D1-4ACC-9C61-76FAE16F0CA0}.AppStore|iPhone.Build.0 = Debug|Any CPU
		{335FDEEA-F2D1-4ACC-9C61-76FAE16F0CA0}.AppStore|iPhoneSimulator.ActiveCfg = Debug|Any CPU
		{335FDEEA-F2D1-4ACC-9C61-76FAE16F0CA0}.AppStore|iPhoneSimulator.Build.0 = Debug|Any CPU
		{335FDEEA-F2D1-4ACC-9C61-76FAE16F0CA0}.AppStore|x64.ActiveCfg = Release|x64
		{335FDEEA-F2D1-4ACC-9C61-76FAE16F0CA0}.AppStore|x64.Build.0 = Release|x64
		{335FDEEA-F2D1-4ACC-9C61-76FAE16F0CA0}.AppStore|x86.ActiveCfg = Release|x86
		{335FDEEA-F2D1-4ACC-9C61-76FAE16F0CA0}.AppStore|x86.Build.0 = Release|x86
		{335FDEEA-F2D1-4ACC-9C61-76FAE16F0CA0}.Debug|Any CPU.ActiveCfg = Debug|Any CPU
		{335FDEEA-F2D1-4ACC-9C61-76FAE16F0CA0}.Debug|Any CPU.Build.0 = Debug|Any CPU
		{335FDEEA-F2D1-4ACC-9C61-76FAE16F0CA0}.Debug|iPhone.ActiveCfg = Debug|Any CPU
		{335FDEEA-F2D1-4ACC-9C61-76FAE16F0CA0}.Debug|iPhone.Build.0 = Debug|Any CPU
		{335FDEEA-F2D1-4ACC-9C61-76FAE16F0CA0}.Debug|iPhoneSimulator.ActiveCfg = Debug|Any CPU
		{335FDEEA-F2D1-4ACC-9C61-76FAE16F0CA0}.Debug|iPhoneSimulator.Build.0 = Debug|Any CPU
		{335FDEEA-F2D1-4ACC-9C61-76FAE16F0CA0}.Debug|x64.ActiveCfg = Debug|x64
		{335FDEEA-F2D1-4ACC-9C61-76FAE16F0CA0}.Debug|x64.Build.0 = Debug|x64
		{335FDEEA-F2D1-4ACC-9C61-76FAE16F0CA0}.Debug|x86.ActiveCfg = Debug|x86
		{335FDEEA-F2D1-4ACC-9C61-76FAE16F0CA0}.Debug|x86.Build.0 = Debug|x86
		{335FDEEA-F2D1-4ACC-9C61-76FAE16F0CA0}.Release|Any CPU.ActiveCfg = Release|Any CPU
		{335FDEEA-F2D1-4ACC-9C61-76FAE16F0CA0}.Release|Any CPU.Build.0 = Release|Any CPU
		{335FDEEA-F2D1-4ACC-9C61-76FAE16F0CA0}.Release|iPhone.ActiveCfg = Release|Any CPU
		{335FDEEA-F2D1-4ACC-9C61-76FAE16F0CA0}.Release|iPhone.Build.0 = Release|Any CPU
		{335FDEEA-F2D1-4ACC-9C61-76FAE16F0CA0}.Release|iPhoneSimulator.ActiveCfg = Release|Any CPU
		{335FDEEA-F2D1-4ACC-9C61-76FAE16F0CA0}.Release|iPhoneSimulator.Build.0 = Release|Any CPU
		{335FDEEA-F2D1-4ACC-9C61-76FAE16F0CA0}.Release|x64.ActiveCfg = Release|x64
		{335FDEEA-F2D1-4ACC-9C61-76FAE16F0CA0}.Release|x64.Build.0 = Release|x64
		{335FDEEA-F2D1-4ACC-9C61-76FAE16F0CA0}.Release|x86.ActiveCfg = Release|x86
		{335FDEEA-F2D1-4ACC-9C61-76FAE16F0CA0}.Release|x86.Build.0 = Release|x86
		{B5CCF478-DACB-42FD-A215-F2A12D0F9FBD}.Ad-Hoc|Any CPU.ActiveCfg = Debug|Any CPU
		{B5CCF478-DACB-42FD-A215-F2A12D0F9FBD}.Ad-Hoc|Any CPU.Build.0 = Debug|Any CPU
		{B5CCF478-DACB-42FD-A215-F2A12D0F9FBD}.Ad-Hoc|iPhone.ActiveCfg = Debug|Any CPU
		{B5CCF478-DACB-42FD-A215-F2A12D0F9FBD}.Ad-Hoc|iPhone.Build.0 = Debug|Any CPU
		{B5CCF478-DACB-42FD-A215-F2A12D0F9FBD}.Ad-Hoc|iPhoneSimulator.ActiveCfg = Debug|Any CPU
		{B5CCF478-DACB-42FD-A215-F2A12D0F9FBD}.Ad-Hoc|iPhoneSimulator.Build.0 = Debug|Any CPU
		{B5CCF478-DACB-42FD-A215-F2A12D0F9FBD}.Ad-Hoc|x64.ActiveCfg = Release|x64
		{B5CCF478-DACB-42FD-A215-F2A12D0F9FBD}.Ad-Hoc|x64.Build.0 = Release|x64
		{B5CCF478-DACB-42FD-A215-F2A12D0F9FBD}.Ad-Hoc|x86.ActiveCfg = Release|x86
		{B5CCF478-DACB-42FD-A215-F2A12D0F9FBD}.Ad-Hoc|x86.Build.0 = Release|x86
		{B5CCF478-DACB-42FD-A215-F2A12D0F9FBD}.AppStore|Any CPU.ActiveCfg = Debug|Any CPU
		{B5CCF478-DACB-42FD-A215-F2A12D0F9FBD}.AppStore|Any CPU.Build.0 = Debug|Any CPU
		{B5CCF478-DACB-42FD-A215-F2A12D0F9FBD}.AppStore|iPhone.ActiveCfg = Debug|Any CPU
		{B5CCF478-DACB-42FD-A215-F2A12D0F9FBD}.AppStore|iPhone.Build.0 = Debug|Any CPU
		{B5CCF478-DACB-42FD-A215-F2A12D0F9FBD}.AppStore|iPhoneSimulator.ActiveCfg = Debug|Any CPU
		{B5CCF478-DACB-42FD-A215-F2A12D0F9FBD}.AppStore|iPhoneSimulator.Build.0 = Debug|Any CPU
		{B5CCF478-DACB-42FD-A215-F2A12D0F9FBD}.AppStore|x64.ActiveCfg = Release|x64
		{B5CCF478-DACB-42FD-A215-F2A12D0F9FBD}.AppStore|x64.Build.0 = Release|x64
		{B5CCF478-DACB-42FD-A215-F2A12D0F9FBD}.AppStore|x86.ActiveCfg = Release|x86
		{B5CCF478-DACB-42FD-A215-F2A12D0F9FBD}.AppStore|x86.Build.0 = Release|x86
		{B5CCF478-DACB-42FD-A215-F2A12D0F9FBD}.Debug|Any CPU.ActiveCfg = Debug|Any CPU
		{B5CCF478-DACB-42FD-A215-F2A12D0F9FBD}.Debug|Any CPU.Build.0 = Debug|Any CPU
		{B5CCF478-DACB-42FD-A215-F2A12D0F9FBD}.Debug|iPhone.ActiveCfg = Debug|Any CPU
		{B5CCF478-DACB-42FD-A215-F2A12D0F9FBD}.Debug|iPhone.Build.0 = Debug|Any CPU
		{B5CCF478-DACB-42FD-A215-F2A12D0F9FBD}.Debug|iPhoneSimulator.ActiveCfg = Debug|Any CPU
		{B5CCF478-DACB-42FD-A215-F2A12D0F9FBD}.Debug|iPhoneSimulator.Build.0 = Debug|Any CPU
		{B5CCF478-DACB-42FD-A215-F2A12D0F9FBD}.Debug|x64.ActiveCfg = Debug|x64
		{B5CCF478-DACB-42FD-A215-F2A12D0F9FBD}.Debug|x64.Build.0 = Debug|x64
		{B5CCF478-DACB-42FD-A215-F2A12D0F9FBD}.Debug|x86.ActiveCfg = Debug|x86
		{B5CCF478-DACB-42FD-A215-F2A12D0F9FBD}.Debug|x86.Build.0 = Debug|x86
		{B5CCF478-DACB-42FD-A215-F2A12D0F9FBD}.Release|Any CPU.ActiveCfg = Release|Any CPU
		{B5CCF478-DACB-42FD-A215-F2A12D0F9FBD}.Release|Any CPU.Build.0 = Release|Any CPU
		{B5CCF478-DACB-42FD-A215-F2A12D0F9FBD}.Release|iPhone.ActiveCfg = Release|Any CPU
		{B5CCF478-DACB-42FD-A215-F2A12D0F9FBD}.Release|iPhone.Build.0 = Release|Any CPU
		{B5CCF478-DACB-42FD-A215-F2A12D0F9FBD}.Release|iPhoneSimulator.ActiveCfg = Release|Any CPU
		{B5CCF478-DACB-42FD-A215-F2A12D0F9FBD}.Release|iPhoneSimulator.Build.0 = Release|Any CPU
		{B5CCF478-DACB-42FD-A215-F2A12D0F9FBD}.Release|x64.ActiveCfg = Release|x64
		{B5CCF478-DACB-42FD-A215-F2A12D0F9FBD}.Release|x64.Build.0 = Release|x64
		{B5CCF478-DACB-42FD-A215-F2A12D0F9FBD}.Release|x86.ActiveCfg = Release|x86
		{B5CCF478-DACB-42FD-A215-F2A12D0F9FBD}.Release|x86.Build.0 = Release|x86
		{1EFD715B-BA9B-4A01-AE96-47F66F71D7F9}.Ad-Hoc|Any CPU.ActiveCfg = Release|Any CPU
		{1EFD715B-BA9B-4A01-AE96-47F66F71D7F9}.Ad-Hoc|Any CPU.Build.0 = Release|Any CPU
		{1EFD715B-BA9B-4A01-AE96-47F66F71D7F9}.Ad-Hoc|Any CPU.Deploy.0 = Release|Any CPU
		{1EFD715B-BA9B-4A01-AE96-47F66F71D7F9}.Ad-Hoc|iPhone.ActiveCfg = Release|Any CPU
		{1EFD715B-BA9B-4A01-AE96-47F66F71D7F9}.Ad-Hoc|iPhone.Build.0 = Release|Any CPU
		{1EFD715B-BA9B-4A01-AE96-47F66F71D7F9}.Ad-Hoc|iPhone.Deploy.0 = Release|Any CPU
		{1EFD715B-BA9B-4A01-AE96-47F66F71D7F9}.Ad-Hoc|iPhoneSimulator.ActiveCfg = Release|Any CPU
		{1EFD715B-BA9B-4A01-AE96-47F66F71D7F9}.Ad-Hoc|iPhoneSimulator.Build.0 = Release|Any CPU
		{1EFD715B-BA9B-4A01-AE96-47F66F71D7F9}.Ad-Hoc|iPhoneSimulator.Deploy.0 = Release|Any CPU
		{1EFD715B-BA9B-4A01-AE96-47F66F71D7F9}.Ad-Hoc|x64.ActiveCfg = Release|Any CPU
		{1EFD715B-BA9B-4A01-AE96-47F66F71D7F9}.Ad-Hoc|x64.Build.0 = Release|Any CPU
		{1EFD715B-BA9B-4A01-AE96-47F66F71D7F9}.Ad-Hoc|x64.Deploy.0 = Release|Any CPU
		{1EFD715B-BA9B-4A01-AE96-47F66F71D7F9}.Ad-Hoc|x86.ActiveCfg = Release|Any CPU
		{1EFD715B-BA9B-4A01-AE96-47F66F71D7F9}.Ad-Hoc|x86.Build.0 = Release|Any CPU
		{1EFD715B-BA9B-4A01-AE96-47F66F71D7F9}.Ad-Hoc|x86.Deploy.0 = Release|Any CPU
		{1EFD715B-BA9B-4A01-AE96-47F66F71D7F9}.AppStore|Any CPU.ActiveCfg = Release|Any CPU
		{1EFD715B-BA9B-4A01-AE96-47F66F71D7F9}.AppStore|Any CPU.Build.0 = Release|Any CPU
		{1EFD715B-BA9B-4A01-AE96-47F66F71D7F9}.AppStore|Any CPU.Deploy.0 = Release|Any CPU
		{1EFD715B-BA9B-4A01-AE96-47F66F71D7F9}.AppStore|iPhone.ActiveCfg = Release|Any CPU
		{1EFD715B-BA9B-4A01-AE96-47F66F71D7F9}.AppStore|iPhone.Build.0 = Release|Any CPU
		{1EFD715B-BA9B-4A01-AE96-47F66F71D7F9}.AppStore|iPhone.Deploy.0 = Release|Any CPU
		{1EFD715B-BA9B-4A01-AE96-47F66F71D7F9}.AppStore|iPhoneSimulator.ActiveCfg = Release|Any CPU
		{1EFD715B-BA9B-4A01-AE96-47F66F71D7F9}.AppStore|iPhoneSimulator.Build.0 = Release|Any CPU
		{1EFD715B-BA9B-4A01-AE96-47F66F71D7F9}.AppStore|iPhoneSimulator.Deploy.0 = Release|Any CPU
		{1EFD715B-BA9B-4A01-AE96-47F66F71D7F9}.AppStore|x64.ActiveCfg = Release|Any CPU
		{1EFD715B-BA9B-4A01-AE96-47F66F71D7F9}.AppStore|x64.Build.0 = Release|Any CPU
		{1EFD715B-BA9B-4A01-AE96-47F66F71D7F9}.AppStore|x64.Deploy.0 = Release|Any CPU
		{1EFD715B-BA9B-4A01-AE96-47F66F71D7F9}.AppStore|x86.ActiveCfg = Release|Any CPU
		{1EFD715B-BA9B-4A01-AE96-47F66F71D7F9}.AppStore|x86.Build.0 = Release|Any CPU
		{1EFD715B-BA9B-4A01-AE96-47F66F71D7F9}.AppStore|x86.Deploy.0 = Release|Any CPU
		{1EFD715B-BA9B-4A01-AE96-47F66F71D7F9}.Debug|Any CPU.ActiveCfg = Debug|Any CPU
		{1EFD715B-BA9B-4A01-AE96-47F66F71D7F9}.Debug|Any CPU.Build.0 = Debug|Any CPU
		{1EFD715B-BA9B-4A01-AE96-47F66F71D7F9}.Debug|Any CPU.Deploy.0 = Debug|Any CPU
		{1EFD715B-BA9B-4A01-AE96-47F66F71D7F9}.Debug|iPhone.ActiveCfg = Debug|Any CPU
		{1EFD715B-BA9B-4A01-AE96-47F66F71D7F9}.Debug|iPhone.Build.0 = Debug|Any CPU
		{1EFD715B-BA9B-4A01-AE96-47F66F71D7F9}.Debug|iPhone.Deploy.0 = Debug|Any CPU
		{1EFD715B-BA9B-4A01-AE96-47F66F71D7F9}.Debug|iPhoneSimulator.ActiveCfg = Debug|Any CPU
		{1EFD715B-BA9B-4A01-AE96-47F66F71D7F9}.Debug|iPhoneSimulator.Build.0 = Debug|Any CPU
		{1EFD715B-BA9B-4A01-AE96-47F66F71D7F9}.Debug|iPhoneSimulator.Deploy.0 = Debug|Any CPU
		{1EFD715B-BA9B-4A01-AE96-47F66F71D7F9}.Debug|x64.ActiveCfg = Debug|Any CPU
		{1EFD715B-BA9B-4A01-AE96-47F66F71D7F9}.Debug|x64.Build.0 = Debug|Any CPU
		{1EFD715B-BA9B-4A01-AE96-47F66F71D7F9}.Debug|x64.Deploy.0 = Debug|Any CPU
		{1EFD715B-BA9B-4A01-AE96-47F66F71D7F9}.Debug|x86.ActiveCfg = Debug|Any CPU
		{1EFD715B-BA9B-4A01-AE96-47F66F71D7F9}.Debug|x86.Build.0 = Debug|Any CPU
		{1EFD715B-BA9B-4A01-AE96-47F66F71D7F9}.Debug|x86.Deploy.0 = Debug|Any CPU
		{1EFD715B-BA9B-4A01-AE96-47F66F71D7F9}.Release|Any CPU.ActiveCfg = Release|Any CPU
		{1EFD715B-BA9B-4A01-AE96-47F66F71D7F9}.Release|Any CPU.Build.0 = Release|Any CPU
		{1EFD715B-BA9B-4A01-AE96-47F66F71D7F9}.Release|Any CPU.Deploy.0 = Release|Any CPU
		{1EFD715B-BA9B-4A01-AE96-47F66F71D7F9}.Release|iPhone.ActiveCfg = Release|Any CPU
		{1EFD715B-BA9B-4A01-AE96-47F66F71D7F9}.Release|iPhone.Build.0 = Release|Any CPU
		{1EFD715B-BA9B-4A01-AE96-47F66F71D7F9}.Release|iPhone.Deploy.0 = Release|Any CPU
		{1EFD715B-BA9B-4A01-AE96-47F66F71D7F9}.Release|iPhoneSimulator.ActiveCfg = Release|Any CPU
		{1EFD715B-BA9B-4A01-AE96-47F66F71D7F9}.Release|iPhoneSimulator.Build.0 = Release|Any CPU
		{1EFD715B-BA9B-4A01-AE96-47F66F71D7F9}.Release|iPhoneSimulator.Deploy.0 = Release|Any CPU
		{1EFD715B-BA9B-4A01-AE96-47F66F71D7F9}.Release|x64.ActiveCfg = Release|Any CPU
		{1EFD715B-BA9B-4A01-AE96-47F66F71D7F9}.Release|x64.Build.0 = Release|Any CPU
		{1EFD715B-BA9B-4A01-AE96-47F66F71D7F9}.Release|x64.Deploy.0 = Release|Any CPU
		{1EFD715B-BA9B-4A01-AE96-47F66F71D7F9}.Release|x86.ActiveCfg = Release|Any CPU
		{1EFD715B-BA9B-4A01-AE96-47F66F71D7F9}.Release|x86.Build.0 = Release|Any CPU
		{1EFD715B-BA9B-4A01-AE96-47F66F71D7F9}.Release|x86.Deploy.0 = Release|Any CPU
		{8F0F1979-2F75-42D6-A81F-3C5BF6C561F8}.Ad-Hoc|Any CPU.ActiveCfg = Ad-Hoc|iPhone
		{8F0F1979-2F75-42D6-A81F-3C5BF6C561F8}.Ad-Hoc|iPhone.ActiveCfg = Ad-Hoc|iPhone
		{8F0F1979-2F75-42D6-A81F-3C5BF6C561F8}.Ad-Hoc|iPhone.Build.0 = Ad-Hoc|iPhone
		{8F0F1979-2F75-42D6-A81F-3C5BF6C561F8}.Ad-Hoc|iPhoneSimulator.ActiveCfg = Ad-Hoc|iPhoneSimulator
		{8F0F1979-2F75-42D6-A81F-3C5BF6C561F8}.Ad-Hoc|iPhoneSimulator.Build.0 = Ad-Hoc|iPhoneSimulator
		{8F0F1979-2F75-42D6-A81F-3C5BF6C561F8}.Ad-Hoc|x64.ActiveCfg = Ad-Hoc|iPhone
		{8F0F1979-2F75-42D6-A81F-3C5BF6C561F8}.Ad-Hoc|x86.ActiveCfg = Ad-Hoc|iPhone
		{8F0F1979-2F75-42D6-A81F-3C5BF6C561F8}.AppStore|Any CPU.ActiveCfg = AppStore|iPhone
		{8F0F1979-2F75-42D6-A81F-3C5BF6C561F8}.AppStore|iPhone.ActiveCfg = AppStore|iPhone
		{8F0F1979-2F75-42D6-A81F-3C5BF6C561F8}.AppStore|iPhone.Build.0 = AppStore|iPhone
		{8F0F1979-2F75-42D6-A81F-3C5BF6C561F8}.AppStore|iPhoneSimulator.ActiveCfg = AppStore|iPhoneSimulator
		{8F0F1979-2F75-42D6-A81F-3C5BF6C561F8}.AppStore|iPhoneSimulator.Build.0 = AppStore|iPhoneSimulator
		{8F0F1979-2F75-42D6-A81F-3C5BF6C561F8}.AppStore|x64.ActiveCfg = AppStore|iPhone
		{8F0F1979-2F75-42D6-A81F-3C5BF6C561F8}.AppStore|x86.ActiveCfg = AppStore|iPhone
		{8F0F1979-2F75-42D6-A81F-3C5BF6C561F8}.Debug|Any CPU.ActiveCfg = Debug|iPhone
		{8F0F1979-2F75-42D6-A81F-3C5BF6C561F8}.Debug|iPhone.ActiveCfg = Debug|iPhone
		{8F0F1979-2F75-42D6-A81F-3C5BF6C561F8}.Debug|iPhone.Build.0 = Debug|iPhone
		{8F0F1979-2F75-42D6-A81F-3C5BF6C561F8}.Debug|iPhoneSimulator.ActiveCfg = Debug|iPhoneSimulator
		{8F0F1979-2F75-42D6-A81F-3C5BF6C561F8}.Debug|iPhoneSimulator.Build.0 = Debug|iPhoneSimulator
		{8F0F1979-2F75-42D6-A81F-3C5BF6C561F8}.Debug|x64.ActiveCfg = Debug|iPhone
		{8F0F1979-2F75-42D6-A81F-3C5BF6C561F8}.Debug|x86.ActiveCfg = Debug|iPhone
		{8F0F1979-2F75-42D6-A81F-3C5BF6C561F8}.Release|Any CPU.ActiveCfg = Release|iPhone
		{8F0F1979-2F75-42D6-A81F-3C5BF6C561F8}.Release|iPhone.ActiveCfg = Release|iPhone
		{8F0F1979-2F75-42D6-A81F-3C5BF6C561F8}.Release|iPhone.Build.0 = Release|iPhone
		{8F0F1979-2F75-42D6-A81F-3C5BF6C561F8}.Release|iPhoneSimulator.ActiveCfg = Release|iPhoneSimulator
		{8F0F1979-2F75-42D6-A81F-3C5BF6C561F8}.Release|iPhoneSimulator.Build.0 = Release|iPhoneSimulator
		{8F0F1979-2F75-42D6-A81F-3C5BF6C561F8}.Release|x64.ActiveCfg = Release|iPhone
		{8F0F1979-2F75-42D6-A81F-3C5BF6C561F8}.Release|x86.ActiveCfg = Release|iPhone
	EndGlobalSection
	GlobalSection(SolutionProperties) = preSolution
		HideSolutionNode = FALSE
	EndGlobalSection
EndGlobal
